
Microsoft Visual Studio Solution File, Format Version 12.00
# Visual Studio Version 16
VisualStudioVersion = 16.0.30330.147
MinimumVisualStudioVersion = 10.0.40219.1
Project("{9A19103F-16F7-4668-BE54-9A1E7A4F7556}") = "DD_EarningsTracker_AspNetCoreMVC", "DD_EarningsTracker_AspNetCoreMVC.csproj", "{3AE54044-BE35-43D1-84CE-1009356A9025}"
EndProject
Global
	GlobalSection(SolutionConfigurationPlatforms) = preSolution
		Debug|Any CPU = Debug|Any CPU
		Release|Any CPU = Release|Any CPU
	EndGlobalSection
	GlobalSection(ProjectConfigurationPlatforms) = postSolution
		{3AE54044-BE35-43D1-84CE-1009356A9025}.Debug|Any CPU.ActiveCfg = Debug|Any CPU
		{3AE54044-BE35-43D1-84CE-1009356A9025}.Debug|Any CPU.Build.0 = Debug|Any CPU
		{3AE54044-BE35-43D1-84CE-1009356A9025}.Release|Any CPU.ActiveCfg = Release|Any CPU
		{3AE54044-BE35-43D1-84CE-1009356A9025}.Release|Any CPU.Build.0 = Release|Any CPU
	EndGlobalSection
	GlobalSection(SolutionProperties) = preSolution
		HideSolutionNode = FALSE
	EndGlobalSection
	GlobalSection(ExtensibilityGlobals) = postSolution
		SolutionGuid = {806B1DFF-7938-4AF2-B4FD-5AFCE2F95500}
	EndGlobalSection
EndGlobal
